Microsoft Visual Studio Solution File, Format Version 11.00
# Visual Studio 2008

Project("{3B582243-241E-CBA4-E700-5A1183FB14B0}") = "SFI Warsztat", "Assembly-CSharp.csproj", "{944C4376-4F32-502B-926C-847758DB505A}"
EndProject
Global
	GlobalSection(SolutionConfigurationPlatforms) = preSolution
		Debug|Any CPU = Debug|Any CPU
		Release|Any CPU = Release|Any CPU
	EndGlobalSection
	GlobalSection(ProjectConfigurationPlatforms) = postSolution
		{944C4376-4F32-502B-926C-847758DB505A}.Debug|Any CPU.ActiveCfg = Debug|Any CPU
		{944C4376-4F32-502B-926C-847758DB505A}.Debug|Any CPU.Build.0 = Debug|Any CPU
		{944C4376-4F32-502B-926C-847758DB505A}.Release|Any CPU.ActiveCfg = Release|Any CPU
		{944C4376-4F32-502B-926C-847758DB505A}.Release|Any CPU.Build.0 = Release|Any CPU
	EndGlobalSection
	GlobalSection(SolutionProperties) = preSolution
		HideSolutionNode = FALSE
	EndGlobalSection
	GlobalSection(MonoDevelopProperties) = preSolution
		StartupItem = Assembly-CSharp.csproj
	EndGlobalSection
EndGlobal
